// !$*UTF8*$!
{
	archiveVersion = 1;
	classes = {
	};
	objectVersion = 48;
	objects = {

/* Begin PBXBuildFile section */
		08ED70172165581F003774CC /* NewGhoulViewController.swift in Sources */ = {isa = PBXBuildFile; fileRef = 08ED70162165581F003774CC /* NewGhoulViewController.swift */; };
		1FA352452164CF85000B4A34 /* AppDelegate.swift in Sources */ = {isa = PBXBuildFile; fileRef = 1FA352442164CF85000B4A34 /* AppDelegate.swift */; };
		1FA352472164CF85000B4A34 /* DeathNoteViewController.swift in Sources */ = {isa = PBXBuildFile; fileRef = 1FA352462164CF85000B4A34 /* DeathNoteViewController.swift */; };
		1FA3524A2164CF85000B4A34 /* Main.storyboard in Resources */ = {isa = PBXBuildFile; fileRef = 1FA352482164CF85000B4A34 /* Main.storyboard */; };
		1FA3524D2164CF85000B4A34 /* Death_Note.xcdatamodeld in Sources */ = {isa = PBXBuildFile; fileRef = 1FA3524B2164CF85000B4A34 /* Death_Note.xcdatamodeld */; };
		1FA3524F2164CF88000B4A34 /* Assets.xcassets in Resources */ = {isa = PBXBuildFile; fileRef = 1FA3524E2164CF88000B4A34 /* Assets.xcassets */; };
		1FA352522164CF88000B4A34 /* LaunchScreen.storyboard in Resources */ = {isa = PBXBuildFile; fileRef = 1FA352502164CF88000B4A34 /* LaunchScreen.storyboard */; };
		1FA352602164D200000B4A34 /* DeadPeopleTableViewCell.swift in Sources */ = {isa = PBXBuildFile; fileRef = 1FA3525E2164D200000B4A34 /* DeadPeopleTableViewCell.swift */; };
		1FA352612164D200000B4A34 /* DeadPeopleTableViewCell.xib in Resources */ = {isa = PBXBuildFile; fileRef = 1FA3525F2164D200000B4A34 /* DeadPeopleTableViewCell.xib */; };
		1FA352642164D3C0000B4A34 /* DeadPeopleTableCellObject.swift in Sources */ = {isa = PBXBuildFile; fileRef = 1FA352632164D3C0000B4A34 /* DeadPeopleTableCellObject.swift */; };
		1FA352672164D464000B4A34 /* CellObjectConfigurable.swift in Sources */ = {isa = PBXBuildFile; fileRef = 1FA352662164D464000B4A34 /* CellObjectConfigurable.swift */; };
		1FA352692164D512000B4A34 /* CellRenewable.swift in Sources */ = {isa = PBXBuildFile; fileRef = 1FA352682164D512000B4A34 /* CellRenewable.swift */; };
		1FA3526B2164D599000B4A34 /* DeathNoteViewControllerExtension.swift in Sources */ = {isa = PBXBuildFile; fileRef = 1FA3526A2164D599000B4A34 /* DeathNoteViewControllerExtension.swift */; };
		1FA3527021652A94000B4A34 /* UITableViewCellExtension.swift in Sources */ = {isa = PBXBuildFile; fileRef = 1FA3526F21652A94000B4A34 /* UITableViewCellExtension.swift */; };
/* End PBXBuildFile section */

/* Begin PBXFileReference section */
		08ED70162165581F003774CC /* NewGhoulViewController.swift */ = {isa = PBXFileReference; lastKnownFileType = sourcecode.swift; path = NewGhoulViewController.swift; sourceTree = "<group>"; };
		1FA352412164CF85000B4A34 /* Death Note.app */ = {isa = PBXFileReference; explicitFileType = wrapper.application; includeInIndex = 0; path = "Death Note.app"; sourceTree = BUILT_PRODUCTS_DIR; };
		1FA352442164CF85000B4A34 /* AppDelegate.swift */ = {isa = PBXFileReference; lastKnownFileType = sourcecode.swift; path = AppDelegate.swift; sourceTree = "<group>"; };
		1FA352462164CF85000B4A34 /* DeathNoteViewController.swift */ = {isa = PBXFileReference; lastKnownFileType = sourcecode.swift; path = DeathNoteViewController.swift; sourceTree = "<group>"; };
		1FA352492164CF85000B4A34 /* Base */ = {isa = PBXFileReference; lastKnownFileType = file.storyboard; name = Base; path = Base.lproj/Main.storyboard; sourceTree = "<group>"; };
		1FA3524C2164CF85000B4A34 /* Death_Note.xcdatamodel */ = {isa = PBXFileReference; lastKnownFileType = wrapper.xcdatamodel; path = Death_Note.xcdatamodel; sourceTree = "<group>"; };
		1FA3524E2164CF88000B4A34 /* Assets.xcassets */ = {isa = PBXFileReference; lastKnownFileType = folder.assetcatalog; path = Assets.xcassets; sourceTree = "<group>"; };
		1FA352512164CF88000B4A34 /* Base */ = {isa = PBXFileReference; lastKnownFileType = file.storyboard; name = Base; path = Base.lproj/LaunchScreen.storyboard; sourceTree = "<group>"; };
		1FA352532164CF88000B4A34 /* Info.plist */ = {isa = PBXFileReference; lastKnownFileType = text.plist.xml; path = Info.plist; sourceTree = "<group>"; };
		1FA3525E2164D200000B4A34 /* DeadPeopleTableViewCell.swift */ = {isa = PBXFileReference; lastKnownFileType = sourcecode.swift; path = DeadPeopleTableViewCell.swift; sourceTree = "<group>"; };
		1FA3525F2164D200000B4A34 /* DeadPeopleTableViewCell.xib */ = {isa = PBXFileReference; lastKnownFileType = file.xib; path = DeadPeopleTableViewCell.xib; sourceTree = "<group>"; };
		1FA352632164D3C0000B4A34 /* DeadPeopleTableCellObject.swift */ = {isa = PBXFileReference; lastKnownFileType = sourcecode.swift; path = DeadPeopleTableCellObject.swift; sourceTree = "<group>"; };
		1FA352662164D464000B4A34 /* CellObjectConfigurable.swift */ = {isa = PBXFileReference; lastKnownFileType = sourcecode.swift; path = CellObjectConfigurable.swift; sourceTree = "<group>"; };
		1FA352682164D512000B4A34 /* CellRenewable.swift */ = {isa = PBXFileReference; lastKnownFileType = sourcecode.swift; path = CellRenewable.swift; sourceTree = "<group>"; };
		1FA3526A2164D599000B4A34 /* DeathNoteViewControllerExtension.swift */ = {isa = PBXFileReference; lastKnownFileType = sourcecode.swift; path = DeathNoteViewControllerExtension.swift; sourceTree = "<group>"; };
		1FA3526F21652A94000B4A34 /* UITableViewCellExtension.swift */ = {isa = PBXFileReference; lastKnownFileType = sourcecode.swift; path = UITableViewCellExtension.swift; sourceTree = "<group>"; };
/* End PBXFileReference section */

/* Begin PBXFrameworksBuildPhase section */
		1FA3523E2164CF85000B4A34 /* Frameworks */ = {
			isa = PBXFrameworksBuildPhase;
			buildActionMask = 2147483647;
			files = (
			);
			runOnlyForDeploymentPostprocessing = 0;
		};
/* End PBXFrameworksBuildPhase section */

/* Begin PBXGroup section */
		1FA352382164CF85000B4A34 = {
			isa = PBXGroup;
			children = (
				1FA352432164CF85000B4A34 /* Death Note */,
				1FA352422164CF85000B4A34 /* Products */,
			);
			sourceTree = "<group>";
		};
		1FA352422164CF85000B4A34 /* Products */ = {
			isa = PBXGroup;
			children = (
				1FA352412164CF85000B4A34 /* Death Note.app */,
			);
			name = Products;
			sourceTree = "<group>";
		};
		1FA352432164CF85000B4A34 /* Death Note */ = {
			isa = PBXGroup;
			children = (
				1FA352442164CF85000B4A34 /* AppDelegate.swift */,
				1FA3525A2164D148000B4A34 /* View */,
				1FA3525B2164D172000B4A34 /* Module */,
				1FA3527121652A9C000B4A34 /* Extensions */,
				1FA352652164D44E000B4A34 /* Protocols */,
				1FA3524E2164CF88000B4A34 /* Assets.xcassets */,
				1FA352532164CF88000B4A34 /* Info.plist */,
				1FA3524B2164CF85000B4A34 /* Death_Note.xcdatamodeld */,
			);
			path = "Death Note";
			sourceTree = "<group>";
		};
		1FA3525A2164D148000B4A34 /* View */ = {
			isa = PBXGroup;
			children = (
				1FA352502164CF88000B4A34 /* LaunchScreen.storyboard */,
				1FA352482164CF85000B4A34 /* Main.storyboard */,
				1FA3525D2164D1B9000B4A34 /* TableViewXibs */,
			);
			path = View;
			sourceTree = "<group>";
		};
		1FA3525B2164D172000B4A34 /* Module */ = {
			isa = PBXGroup;
			children = (
				1FA352462164CF85000B4A34 /* DeathNoteViewController.swift */,
				1FA3526A2164D599000B4A34 /* DeathNoteViewControllerExtension.swift */,
				08ED70162165581F003774CC /* NewGhoulViewController.swift */,
				1FA3525C2164D194000B4A34 /* TableViewCells */,
				1FA352622164D381000B4A34 /* TableCellsObject */,
			);
			path = Module;
			sourceTree = "<group>";
		};
		1FA3525C2164D194000B4A34 /* TableViewCells */ = {
			isa = PBXGroup;
			children = (
				1FA3525E2164D200000B4A34 /* DeadPeopleTableViewCell.swift */,
			);
			path = TableViewCells;
			sourceTree = "<group>";
		};
		1FA3525D2164D1B9000B4A34 /* TableViewXibs */ = {
			isa = PBXGroup;
			children = (
				1FA3525F2164D200000B4A34 /* DeadPeopleTableViewCell.xib */,
			);
			path = TableViewXibs;
			sourceTree = "<group>";
		};
		1FA352622164D381000B4A34 /* TableCellsObject */ = {
			isa = PBXGroup;
			children = (
				1FA352632164D3C0000B4A34 /* DeadPeopleTableCellObject.swift */,
			);
			path = TableCellsObject;
			sourceTree = "<group>";
		};
		1FA352652164D44E000B4A34 /* Protocols */ = {
			isa = PBXGroup;
			children = (
				1FA352662164D464000B4A34 /* CellObjectConfigurable.swift */,
				1FA352682164D512000B4A34 /* CellRenewable.swift */,
			);
			path = Protocols;
			sourceTree = "<group>";
		};
		1FA3527121652A9C000B4A34 /* Extensions */ = {
			isa = PBXGroup;
			children = (
				1FA3526F21652A94000B4A34 /* UITableViewCellExtension.swift */,
			);
			path = Extensions;
			sourceTree = "<group>";
		};
/* End PBXGroup section */

/* Begin PBXNativeTarget section */
		1FA352402164CF85000B4A34 /* Death Note */ = {
			isa = PBXNativeTarget;
			buildConfigurationList = 1FA352562164CF88000B4A34 /* Build configuration list for PBXNativeTarget "Death Note" */;
			buildPhases = (
				1FA3523D2164CF85000B4A34 /* Sources */,
				1FA3523E2164CF85000B4A34 /* Frameworks */,
				1FA3523F2164CF85000B4A34 /* Resources */,
			);
			buildRules = (
			);
			dependencies = (
			);
			name = "Death Note";
			productName = "Death Note";
			productReference = 1FA352412164CF85000B4A34 /* Death Note.app */;
			productType = "com.apple.product-type.application";
		};
/* End PBXNativeTarget section */

/* Begin PBXProject section */
		1FA352392164CF85000B4A34 /* Project object */ = {
			isa = PBXProject;
			attributes = {
				LastSwiftUpdateCheck = 1000;
				LastUpgradeCheck = 1000;
				ORGANIZATIONNAME = pc166;
				TargetAttributes = {
					1FA352402164CF85000B4A34 = {
						CreatedOnToolsVersion = 10.0;
						ProvisioningStyle = Automatic;
					};
				};
			};
			buildConfigurationList = 1FA3523C2164CF85000B4A34 /* Build configuration list for PBXProject "Death Note" */;
			compatibilityVersion = "Xcode 8.0";
			developmentRegion = en;
			hasScannedForEncodings = 0;
			knownRegions = (
				en,
				Base,
			);
			mainGroup = 1FA352382164CF85000B4A34;
			productRefGroup = 1FA352422164CF85000B4A34 /* Products */;
			projectDirPath = "";
			projectRoot = "";
			targets = (
				1FA352402164CF85000B4A34 /* Death Note */,
			);
		};
/* End PBXProject section */

/* Begin PBXResourcesBuildPhase section */
		1FA3523F2164CF85000B4A34 /* Resources */ = {
			isa = PBXResourcesBuildPhase;
			buildActionMask = 2147483647;
			files = (
				1FA352522164CF88000B4A34 /* LaunchScreen.storyboard in Resources */,
				1FA3524F2164CF88000B4A34 /* Assets.xcassets in Resources */,
				1FA352612164D200000B4A34 /* DeadPeopleTableViewCell.xib in Resources */,
				1FA3524A2164CF85000B4A34 /* Main.storyboard in Resources */,
			);
			runOnlyForDeploymentPostprocessing = 0;
		};
/* End PBXResourcesBuildPhase section */

/* Begin PBXSourcesBuildPhase section */
		1FA3523D2164CF85000B4A34 /* Sources */ = {
			isa = PBXSourcesBuildPhase;
			buildActionMask = 2147483647;
			files = (
				1FA352692164D512000B4A34 /* CellRenewable.swift in Sources */,
				1FA3526B2164D599000B4A34 /* DeathNoteViewControllerExtension.swift in Sources */,
				1FA3524D2164CF85000B4A34 /* Death_Note.xcdatamodeld in Sources */,
				1FA3527021652A94000B4A34 /* UITableViewCellExtension.swift in Sources */,
				1FA352642164D3C0000B4A34 /* DeadPeopleTableCellObject.swift in Sources */,
				08ED70172165581F003774CC /* NewGhoulViewController.swift in Sources */,
				1FA352472164CF85000B4A34 /* DeathNoteViewController.swift in Sources */,
				1FA352602164D200000B4A34 /* DeadPeopleTableViewCell.swift in Sources */,
				1FA352452164CF85000B4A34 /* AppDelegate.swift in Sources */,
				1FA352672164D464000B4A34 /* CellObjectConfigurable.swift in Sources */,
			);
			runOnlyForDeploymentPostprocessing = 0;
		};
/* End PBXSourcesBuildPhase section */

/* Begin PBXVariantGroup section */
		1FA352482164CF85000B4A34 /* Main.storyboard */ = {
			isa = PBXVariantGroup;
			children = (
				1FA352492164CF85000B4A34 /* Base */,
			);
			name = Main.storyboard;
			sourceTree = "<group>";
		};
		1FA352502164CF88000B4A34 /* LaunchScreen.storyboard */ = {
			isa = PBXVariantGroup;
			children = (
				1FA352512164CF88000B4A34 /* Base */,
			);
			name = LaunchScreen.storyboard;
			sourceTree = "<group>";
		};
/* End PBXVariantGroup section */

/* Begin XCBuildConfiguration section */
		1FA352542164CF88000B4A34 /* Debug */ = {
			isa = XCBuildConfiguration;
			buildSettings = {
				ALWAYS_SEARCH_USER_PATHS = NO;
				CLANG_ANALYZER_NONNULL = YES;
				CLANG_ANALYZER_NUMBER_OBJECT_CONVERSION = YES_AGGRESSIVE;
				CLANG_CXX_LANGUAGE_STANDARD = "gnu++14";
				CLANG_CXX_LIBRARY = "libc++";
				CLANG_ENABLE_MODULES = YES;
				CLANG_ENABLE_OBJC_ARC = YES;
				CLANG_ENABLE_OBJC_WEAK = YES;
				CLANG_WARN_BLOCK_CAPTURE_AUTORELEASING = YES;
				CLANG_WARN_BOOL_CONVERSION = YES;
				CLANG_WARN_COMMA = YES;
				CLANG_WARN_CONSTANT_CONVERSION = YES;
				CLANG_WARN_DEPRECATED_OBJC_IMPLEMENTATIONS = YES;
				CLANG_WARN_DIRECT_OBJC_ISA_USAGE = YES_ERROR;
				CLANG_WARN_DOCUMENTATION_COMMENTS = YES;
				CLANG_WARN_EMPTY_BODY = YES;
				CLANG_WARN_ENUM_CONVERSION = YES;
				CLANG_WARN_INFINITE_RECURSION = YES;
				CLANG_WARN_INT_CONVERSION = YES;
				CLANG_WARN_NON_LITERAL_NULL_CONVERSION = YES;
				CLANG_WARN_OBJC_IMPLICIT_RETAIN_SELF = YES;
				CLANG_WARN_OBJC_LITERAL_CONVERSION = YES;
				CLANG_WARN_OBJC_ROOT_CLASS = YES_ERROR;
				CLANG_WARN_RANGE_LOOP_ANALYSIS = YES;
				CLANG_WARN_STRICT_PROTOTYPES = YES;
				CLANG_WARN_SUSPICIOUS_MOVE = YES;
				CLANG_WARN_UNGUARDED_AVAILABILITY = YES_AGGRESSIVE;
				CLANG_WARN_UNREACHABLE_CODE = YES;
				CLANG_WARN__DUPLICATE_METHOD_MATCH = YES;
				CODE_SIGN_IDENTITY = "iPhone Developer";
				COPY_PHASE_STRIP = NO;
				DEBUG_INFORMATION_FORMAT = dwarf;
				ENABLE_STRICT_OBJC_MSGSEND = YES;
				ENABLE_TESTABILITY = YES;
				GCC_C_LANGUAGE_STANDARD = gnu11;
				GCC_DYNAMIC_NO_PIC = NO;
				GCC_NO_COMMON_BLOCKS = YES;
				GCC_OPTIMIZATION_LEVEL = 0;
				GCC_PREPROCESSOR_DEFINITIONS = (
					"DEBUG=1",
					"$(inherited)",
				);
				GCC_WARN_64_TO_32_BIT_CONVERSION = YES;
				GCC_WARN_ABOUT_RETURN_TYPE = YES_ERROR;
				GCC_WARN_UNDECLARED_SELECTOR = YES;
				GCC_WARN_UNINITIALIZED_AUTOS = YES_AGGRESSIVE;
				GCC_WARN_UNUSED_FUNCTION = YES;
				GCC_WARN_UNUSED_VARIABLE = YES;
				IPHONEOS_DEPLOYMENT_TARGET = 12.0;
				MTL_ENABLE_DEBUG_INFO = INCLUDE_SOURCE;
				MTL_FAST_MATH = YES;
				ONLY_ACTIVE_ARCH = YES;
				SDKROOT = iphoneos;
				SWIFT_ACTIVE_COMPILATION_CONDITIONS = DEBUG;
				SWIFT_OPTIMIZATION_LEVEL = "-Onone";
			};
			name = Debug;
		};
		1FA352552164CF88000B4A34 /* Release */ = {
			isa = XCBuildConfiguration;
			buildSettings = {
				ALWAYS_SEARCH_USER_PATHS = NO;
				CLANG_ANALYZER_NONNULL = YES;
				CLANG_ANALYZER_NUMBER_OBJECT_CONVERSION = YES_AGGRESSIVE;
				CLANG_CXX_LANGUAGE_STANDARD = "gnu++14";
				CLANG_CXX_LIBRARY = "libc++";
				CLANG_ENABLE_MODULES = YES;
				CLANG_ENABLE_OBJC_ARC = YES;
				CLANG_ENABLE_OBJC_WEAK = YES;
				CLANG_WARN_BLOCK_CAPTURE_AUTORELEASING = YES;
				CLANG_WARN_BOOL_CONVERSION = YES;
				CLANG_WARN_COMMA = YES;
				CLANG_WARN_CONSTANT_CONVERSION = YES;
				CLANG_WARN_DEPRECATED_OBJC_IMPLEMENTATIONS = YES;
				CLANG_WARN_DIRECT_OBJC_ISA_USAGE = YES_ERROR;
				CLANG_WARN_DOCUMENTATION_COMMENTS = YES;
				CLANG_WARN_EMPTY_BODY = YES;
				CLANG_WARN_ENUM_CONVERSION = YES;
				CLANG_WARN_INFINITE_RECURSION = YES;
				CLANG_WARN_INT_CONVERSION = YES;
				CLANG_WARN_NON_LITERAL_NULL_CONVERSION = YES;
				CLANG_WARN_OBJC_IMPLICIT_RETAIN_SELF = YES;
				CLANG_WARN_OBJC_LITERAL_CONVERSION = YES;
				CLANG_WARN_OBJC_ROOT_CLASS = YES_ERROR;
				CLANG_WARN_RANGE_LOOP_ANALYSIS = YES;
				CLANG_WARN_STRICT_PROTOTYPES = YES;
				CLANG_WARN_SUSPICIOUS_MOVE = YES;
				CLANG_WARN_UNGUARDED_AVAILABILITY = YES_AGGRESSIVE;
				CLANG_WARN_UNREACHABLE_CODE = YES;
				CLANG_WARN__DUPLICATE_METHOD_MATCH = YES;
				CODE_SIGN_IDENTITY = "iPhone Developer";
				COPY_PHASE_STRIP = NO;
				DEBUG_INFORMATION_FORMAT = "dwarf-with-dsym";
				ENABLE_NS_ASSERTIONS = NO;
				ENABLE_STRICT_OBJC_MSGSEND = YES;
				GCC_C_LANGUAGE_STANDARD = gnu11;
				GCC_NO_COMMON_BLOCKS = YES;
				GCC_WARN_64_TO_32_BIT_CONVERSION = YES;
				GCC_WARN_ABOUT_RETURN_TYPE = YES_ERROR;
				GCC_WARN_UNDECLARED_SELECTOR = YES;
				GCC_WARN_UNINITIALIZED_AUTOS = YES_AGGRESSIVE;
				GCC_WARN_UNUSED_FUNCTION = YES;
				GCC_WARN_UNUSED_VARIABLE = YES;
				IPHONEOS_DEPLOYMENT_TARGET = 12.0;
				MTL_ENABLE_DEBUG_INFO = NO;
				MTL_FAST_MATH = YES;
				SDKROOT = iphoneos;
				SWIFT_OPTIMIZATION_LEVEL = "-Owholemodule";
				VALIDATE_PRODUCT = YES;
			};
			name = Release;
		};
		1FA352572164CF88000B4A34 /* Debug */ = {
			isa = XCBuildConfiguration;
			buildSettings = {
				ASSETCATALOG_COMPILER_APPICON_NAME = AppIcon;
				CODE_SIGN_STYLE = Automatic;
				DEVELOPMENT_TEAM = 9596FLHWUS;
				INFOPLIST_FILE = "Death Note/Info.plist";
				IPHONEOS_DEPLOYMENT_TARGET = 11.0;
				LD_RUNPATH_SEARCH_PATHS = "$(inherited) @executable_path/Frameworks";
				PRODUCT_BUNDLE_IDENTIFIER = "kzakharc.Death-Note";
				PRODUCT_NAME = "$(TARGET_NAME)";
				SWIFT_VERSION = 4.2;
				TARGETED_DEVICE_FAMILY = "1,2";
			};
			name = Debug;
		};
		1FA352582164CF88000B4A34 /* Release */ = {
			isa = XCBuildConfiguration;
			buildSettings = {
				ASSETCATALOG_COMPILER_APPICON_NAME = AppIcon;
				CODE_SIGN_STYLE = Automatic;
				DEVELOPMENT_TEAM = 9596FLHWUS;
				INFOPLIST_FILE = "Death Note/Info.plist";
				IPHONEOS_DEPLOYMENT_TARGET = 11.0;
				LD_RUNPATH_SEARCH_PATHS = "$(inherited) @executable_path/Frameworks";
				PRODUCT_BUNDLE_IDENTIFIER = "kzakharc.Death-Note";
				PRODUCT_NAME = "$(TARGET_NAME)";
				SWIFT_VERSION = 4.2;
				TARGETED_DEVICE_FAMILY = "1,2";
			};
			name = Release;
		};
/* End XCBuildConfiguration section */

/* Begin XCConfigurationList section */
		1FA3523C2164CF85000B4A34 /* Build configuration list for PBXProject "Death Note" */ = {
			isa = XCConfigurationList;
			buildConfigurations = (
				1FA352542164CF88000B4A34 /* Debug */,
				1FA352552164CF88000B4A34 /* Release */,
			);
			defaultConfigurationIsVisible = 0;
			defaultConfigurationName = Release;
		};
		1FA352562164CF88000B4A34 /* Build configuration list for PBXNativeTarget "Death Note" */ = {
			isa = XCConfigurationList;
			buildConfigurations = (
				1FA352572164CF88000B4A34 /* Debug */,
				1FA352582164CF88000B4A34 /* Release */,
			);
			defaultConfigurationIsVisible = 0;
			defaultConfigurationName = Release;
		};
/* End XCConfigurationList section */

/* Begin XCVersionGroup section */
		1FA3524B2164CF85000B4A34 /* Death_Note.xcdatamodeld */ = {
			isa = XCVersionGroup;
			children = (
				1FA3524C2164CF85000B4A34 /* Death_Note.xcdatamodel */,
			);
			currentVersion = 1FA3524C2164CF85000B4A34 /* Death_Note.xcdatamodel */;
			path = Death_Note.xcdatamodeld;
			sourceTree = "<group>";
			versionGroupType = wrapper.xcdatamodel;
		};
/* End XCVersionGroup section */
	};
	rootObject = 1FA352392164CF85000B4A34 /* Project object */;
}
