// !$*UTF8*$!
{
	archiveVersion = 1;
	classes = {
	};
	objectVersion = 48;
	objects = {

/* Begin PBXBuildFile section */
		083054DE216CE5140082F941 /* AppDelegate.swift in Sources */ = {isa = PBXBuildFile; fileRef = 083054DD216CE5140082F941 /* AppDelegate.swift */; };
		083054E0216CE5140082F941 /* MainViewController.swift in Sources */ = {isa = PBXBuildFile; fileRef = 083054DF216CE5140082F941 /* MainViewController.swift */; };
		083054E3216CE5140082F941 /* Main.storyboard in Resources */ = {isa = PBXBuildFile; fileRef = 083054E1216CE5140082F941 /* Main.storyboard */; };
		083054E5216CE5140082F941 /* Assets.xcassets in Resources */ = {isa = PBXBuildFile; fileRef = 083054E4216CE5140082F941 /* Assets.xcassets */; };
		083054E8216CE5140082F941 /* LaunchScreen.storyboard in Resources */ = {isa = PBXBuildFile; fileRef = 083054E6216CE5140082F941 /* LaunchScreen.storyboard */; };
		083054F4216CED3F0082F941 /* UIColor+MotionCube.swift in Sources */ = {isa = PBXBuildFile; fileRef = 083054F3216CED3F0082F941 /* UIColor+MotionCube.swift */; };
/* End PBXBuildFile section */

/* Begin PBXFileReference section */
		083054DA216CE5140082F941 /* MotionCube.app */ = {isa = PBXFileReference; explicitFileType = wrapper.application; includeInIndex = 0; path = MotionCube.app; sourceTree = BUILT_PRODUCTS_DIR; };
		083054DD216CE5140082F941 /* AppDelegate.swift */ = {isa = PBXFileReference; lastKnownFileType = sourcecode.swift; path = AppDelegate.swift; sourceTree = "<group>"; };
		083054DF216CE5140082F941 /* MainViewController.swift */ = {isa = PBXFileReference; lastKnownFileType = sourcecode.swift; path = MainViewController.swift; sourceTree = "<group>"; };
		083054E2216CE5140082F941 /* Base */ = {isa = PBXFileReference; lastKnownFileType = file.storyboard; name = Base; path = Base.lproj/Main.storyboard; sourceTree = "<group>"; };
		083054E4216CE5140082F941 /* Assets.xcassets */ = {isa = PBXFileReference; lastKnownFileType = folder.assetcatalog; path = Assets.xcassets; sourceTree = "<group>"; };
		083054E7216CE5140082F941 /* Base */ = {isa = PBXFileReference; lastKnownFileType = file.storyboard; name = Base; path = Base.lproj/LaunchScreen.storyboard; sourceTree = "<group>"; };
		083054E9216CE5140082F941 /* Info.plist */ = {isa = PBXFileReference; lastKnownFileType = text.plist.xml; path = Info.plist; sourceTree = "<group>"; };
		083054F3216CED3F0082F941 /* UIColor+MotionCube.swift */ = {isa = PBXFileReference; lastKnownFileType = sourcecode.swift; path = "UIColor+MotionCube.swift"; sourceTree = "<group>"; };
/* End PBXFileReference section */

/* Begin PBXFrameworksBuildPhase section */
		083054D7216CE5140082F941 /* Frameworks */ = {
			isa = PBXFrameworksBuildPhase;
			buildActionMask = 2147483647;
			files = (
			);
			runOnlyForDeploymentPostprocessing = 0;
		};
/* End PBXFrameworksBuildPhase section */

/* Begin PBXGroup section */
		083054D1216CE5140082F941 = {
			isa = PBXGroup;
			children = (
				083054DC216CE5140082F941 /* MotionCube */,
				083054DB216CE5140082F941 /* Products */,
			);
			sourceTree = "<group>";
		};
		083054DB216CE5140082F941 /* Products */ = {
			isa = PBXGroup;
			children = (
				083054DA216CE5140082F941 /* MotionCube.app */,
			);
			name = Products;
			sourceTree = "<group>";
		};
		083054DC216CE5140082F941 /* MotionCube */ = {
			isa = PBXGroup;
			children = (
				083054EF216CEB390082F941 /* AppHanding */,
				083054F0216CEB470082F941 /* View */,
				083054F1216CEB590082F941 /* Modules */,
				083054F2216CEB680082F941 /* Extensions */,
				083054E4216CE5140082F941 /* Assets.xcassets */,
				083054E9216CE5140082F941 /* Info.plist */,
			);
			path = MotionCube;
			sourceTree = "<group>";
		};
		083054EF216CEB390082F941 /* AppHanding */ = {
			isa = PBXGroup;
			children = (
				083054DD216CE5140082F941 /* AppDelegate.swift */,
			);
			path = AppHanding;
			sourceTree = "<group>";
		};
		083054F0216CEB470082F941 /* View */ = {
			isa = PBXGroup;
			children = (
				083054E1216CE5140082F941 /* Main.storyboard */,
				083054E6216CE5140082F941 /* LaunchScreen.storyboard */,
			);
			path = View;
			sourceTree = "<group>";
		};
		083054F1216CEB590082F941 /* Modules */ = {
			isa = PBXGroup;
			children = (
				083054DF216CE5140082F941 /* MainViewController.swift */,
			);
			path = Modules;
			sourceTree = "<group>";
		};
		083054F2216CEB680082F941 /* Extensions */ = {
			isa = PBXGroup;
			children = (
				083054F3216CED3F0082F941 /* UIColor+MotionCube.swift */,
			);
			path = Extensions;
			sourceTree = "<group>";
		};
/* End PBXGroup section */

/* Begin PBXNativeTarget section */
		083054D9216CE5140082F941 /* MotionCube */ = {
			isa = PBXNativeTarget;
			buildConfigurationList = 083054EC216CE5140082F941 /* Build configuration list for PBXNativeTarget "MotionCube" */;
			buildPhases = (
				083054D6216CE5140082F941 /* Sources */,
				083054D7216CE5140082F941 /* Frameworks */,
				083054D8216CE5140082F941 /* Resources */,
			);
			buildRules = (
			);
			dependencies = (
			);
			name = MotionCube;
			productName = MotionCube;
			productReference = 083054DA216CE5140082F941 /* MotionCube.app */;
			productType = "com.apple.product-type.application";
		};
/* End PBXNativeTarget section */

/* Begin PBXProject section */
		083054D2216CE5140082F941 /* Project object */ = {
			isa = PBXProject;
			attributes = {
				LastSwiftUpdateCheck = 0920;
				LastUpgradeCheck = 0920;
				ORGANIZATIONNAME = "Kateryna Zakharchuk";
				TargetAttributes = {
					083054D9216CE5140082F941 = {
						CreatedOnToolsVersion = 9.2;
						ProvisioningStyle = Automatic;
					};
				};
			};
			buildConfigurationList = 083054D5216CE5140082F941 /* Build configuration list for PBXProject "MotionCube" */;
			compatibilityVersion = "Xcode 8.0";
			developmentRegion = en;
			hasScannedForEncodings = 0;
			knownRegions = (
				en,
				Base,
			);
			mainGroup = 083054D1216CE5140082F941;
			productRefGroup = 083054DB216CE5140082F941 /* Products */;
			projectDirPath = "";
			projectRoot = "";
			targets = (
				083054D9216CE5140082F941 /* MotionCube */,
			);
		};
/* End PBXProject section */

/* Begin PBXResourcesBuildPhase section */
		083054D8216CE5140082F941 /* Resources */ = {
			isa = PBXResourcesBuildPhase;
			buildActionMask = 2147483647;
			files = (
				083054E8216CE5140082F941 /* LaunchScreen.storyboard in Resources */,
				083054E5216CE5140082F941 /* Assets.xcassets in Resources */,
				083054E3216CE5140082F941 /* Main.storyboard in Resources */,
			);
			runOnlyForDeploymentPostprocessing = 0;
		};
/* End PBXResourcesBuildPhase section */

/* Begin PBXSourcesBuildPhase section */
		083054D6216CE5140082F941 /* Sources */ = {
			isa = PBXSourcesBuildPhase;
			buildActionMask = 2147483647;
			files = (
				083054E0216CE5140082F941 /* MainViewController.swift in Sources */,
				083054DE216CE5140082F941 /* AppDelegate.swift in Sources */,
				083054F4216CED3F0082F941 /* UIColor+MotionCube.swift in Sources */,
			);
			runOnlyForDeploymentPostprocessing = 0;
		};
/* End PBXSourcesBuildPhase section */

/* Begin PBXVariantGroup section */
		083054E1216CE5140082F941 /* Main.storyboard */ = {
			isa = PBXVariantGroup;
			children = (
				083054E2216CE5140082F941 /* Base */,
			);
			name = Main.storyboard;
			sourceTree = "<group>";
		};
		083054E6216CE5140082F941 /* LaunchScreen.storyboard */ = {
			isa = PBXVariantGroup;
			children = (
				083054E7216CE5140082F941 /* Base */,
			);
			name = LaunchScreen.storyboard;
			sourceTree = "<group>";
		};
/* End PBXVariantGroup section */

/* Begin XCBuildConfiguration section */
		083054EA216CE5140082F941 /* Debug */ = {
			isa = XCBuildConfiguration;
			buildSettings = {
				ALWAYS_SEARCH_USER_PATHS = NO;
				CLANG_ANALYZER_NONNULL = YES;
				CLANG_ANALYZER_NUMBER_OBJECT_CONVERSION = YES_AGGRESSIVE;
				CLANG_CXX_LANGUAGE_STANDARD = "gnu++14";
				CLANG_CXX_LIBRARY = "libc++";
				CLANG_ENABLE_MODULES = YES;
				CLANG_ENABLE_OBJC_ARC = YES;
				CLANG_WARN_BLOCK_CAPTURE_AUTORELEASING = YES;
				CLANG_WARN_BOOL_CONVERSION = YES;
				CLANG_WARN_COMMA = YES;
				CLANG_WARN_CONSTANT_CONVERSION = YES;
				CLANG_WARN_DIRECT_OBJC_ISA_USAGE = YES_ERROR;
				CLANG_WARN_DOCUMENTATION_COMMENTS = YES;
				CLANG_WARN_EMPTY_BODY = YES;
				CLANG_WARN_ENUM_CONVERSION = YES;
				CLANG_WARN_INFINITE_RECURSION = YES;
				CLANG_WARN_INT_CONVERSION = YES;
				CLANG_WARN_NON_LITERAL_NULL_CONVERSION = YES;
				CLANG_WARN_OBJC_LITERAL_CONVERSION = YES;
				CLANG_WARN_OBJC_ROOT_CLASS = YES_ERROR;
				CLANG_WARN_RANGE_LOOP_ANALYSIS = YES;
				CLANG_WARN_STRICT_PROTOTYPES = YES;
				CLANG_WARN_SUSPICIOUS_MOVE = YES;
				CLANG_WARN_UNGUARDED_AVAILABILITY = YES_AGGRESSIVE;
				CLANG_WARN_UNREACHABLE_CODE = YES;
				CLANG_WARN__DUPLICATE_METHOD_MATCH = YES;
				CODE_SIGN_IDENTITY = "iPhone Developer";
				COPY_PHASE_STRIP = NO;
				DEBUG_INFORMATION_FORMAT = dwarf;
				ENABLE_STRICT_OBJC_MSGSEND = YES;
				ENABLE_TESTABILITY = YES;
				GCC_C_LANGUAGE_STANDARD = gnu11;
				GCC_DYNAMIC_NO_PIC = NO;
				GCC_NO_COMMON_BLOCKS = YES;
				GCC_OPTIMIZATION_LEVEL = 0;
				GCC_PREPROCESSOR_DEFINITIONS = (
					"DEBUG=1",
					"$(inherited)",
				);
				GCC_WARN_64_TO_32_BIT_CONVERSION = YES;
				GCC_WARN_ABOUT_RETURN_TYPE = YES_ERROR;
				GCC_WARN_UNDECLARED_SELECTOR = YES;
				GCC_WARN_UNINITIALIZED_AUTOS = YES_AGGRESSIVE;
				GCC_WARN_UNUSED_FUNCTION = YES;
				GCC_WARN_UNUSED_VARIABLE = YES;
				IPHONEOS_DEPLOYMENT_TARGET = 11.2;
				MTL_ENABLE_DEBUG_INFO = YES;
				ONLY_ACTIVE_ARCH = YES;
				SDKROOT = iphoneos;
				SWIFT_ACTIVE_COMPILATION_CONDITIONS = DEBUG;
				SWIFT_OPTIMIZATION_LEVEL = "-Onone";
			};
			name = Debug;
		};
		083054EB216CE5140082F941 /* Release */ = {
			isa = XCBuildConfiguration;
			buildSettings = {
				ALWAYS_SEARCH_USER_PATHS = NO;
				CLANG_ANALYZER_NONNULL = YES;
				CLANG_ANALYZER_NUMBER_OBJECT_CONVERSION = YES_AGGRESSIVE;
				CLANG_CXX_LANGUAGE_STANDARD = "gnu++14";
				CLANG_CXX_LIBRARY = "libc++";
				CLANG_ENABLE_MODULES = YES;
				CLANG_ENABLE_OBJC_ARC = YES;
				CLANG_WARN_BLOCK_CAPTURE_AUTORELEASING = YES;
				CLANG_WARN_BOOL_CONVERSION = YES;
				CLANG_WARN_COMMA = YES;
				CLANG_WARN_CONSTANT_CONVERSION = YES;
				CLANG_WARN_DIRECT_OBJC_ISA_USAGE = YES_ERROR;
				CLANG_WARN_DOCUMENTATION_COMMENTS = YES;
				CLANG_WARN_EMPTY_BODY = YES;
				CLANG_WARN_ENUM_CONVERSION = YES;
				CLANG_WARN_INFINITE_RECURSION = YES;
				CLANG_WARN_INT_CONVERSION = YES;
				CLANG_WARN_NON_LITERAL_NULL_CONVERSION = YES;
				CLANG_WARN_OBJC_LITERAL_CONVERSION = YES;
				CLANG_WARN_OBJC_ROOT_CLASS = YES_ERROR;
				CLANG_WARN_RANGE_LOOP_ANALYSIS = YES;
				CLANG_WARN_STRICT_PROTOTYPES = YES;
				CLANG_WARN_SUSPICIOUS_MOVE = YES;
				CLANG_WARN_UNGUARDED_AVAILABILITY = YES_AGGRESSIVE;
				CLANG_WARN_UNREACHABLE_CODE = YES;
				CLANG_WARN__DUPLICATE_METHOD_MATCH = YES;
				CODE_SIGN_IDENTITY = "iPhone Developer";
				COPY_PHASE_STRIP = NO;
				DEBUG_INFORMATION_FORMAT = "dwarf-with-dsym";
				ENABLE_NS_ASSERTIONS = NO;
				ENABLE_STRICT_OBJC_MSGSEND = YES;
				GCC_C_LANGUAGE_STANDARD = gnu11;
				GCC_NO_COMMON_BLOCKS = YES;
				GCC_WARN_64_TO_32_BIT_CONVERSION = YES;
				GCC_WARN_ABOUT_RETURN_TYPE = YES_ERROR;
				GCC_WARN_UNDECLARED_SELECTOR = YES;
				GCC_WARN_UNINITIALIZED_AUTOS = YES_AGGRESSIVE;
				GCC_WARN_UNUSED_FUNCTION = YES;
				GCC_WARN_UNUSED_VARIABLE = YES;
				IPHONEOS_DEPLOYMENT_TARGET = 11.2;
				MTL_ENABLE_DEBUG_INFO = NO;
				SDKROOT = iphoneos;
				SWIFT_OPTIMIZATION_LEVEL = "-Owholemodule";
				VALIDATE_PRODUCT = YES;
			};
			name = Release;
		};
		083054ED216CE5140082F941 /* Debug */ = {
			isa = XCBuildConfiguration;
			buildSettings = {
				ASSETCATALOG_COMPILER_APPICON_NAME = AppIcon;
				CODE_SIGN_STYLE = Automatic;
				DEVELOPMENT_TEAM = 9596FLHWUS;
				INFOPLIST_FILE = MotionCube/Info.plist;
				LD_RUNPATH_SEARCH_PATHS = "$(inherited) @executable_path/Frameworks";
				PRODUCT_BUNDLE_IDENTIFIER = kzakharc.MotionCube;
				PRODUCT_NAME = "$(TARGET_NAME)";
				SWIFT_VERSION = 4.0;
				TARGETED_DEVICE_FAMILY = "1,2";
			};
			name = Debug;
		};
		083054EE216CE5140082F941 /* Release */ = {
			isa = XCBuildConfiguration;
			buildSettings = {
				ASSETCATALOG_COMPILER_APPICON_NAME = AppIcon;
				CODE_SIGN_STYLE = Automatic;
				DEVELOPMENT_TEAM = 9596FLHWUS;
				INFOPLIST_FILE = MotionCube/Info.plist;
				LD_RUNPATH_SEARCH_PATHS = "$(inherited) @executable_path/Frameworks";
				PRODUCT_BUNDLE_IDENTIFIER = kzakharc.MotionCube;
				PRODUCT_NAME = "$(TARGET_NAME)";
				SWIFT_VERSION = 4.0;
				TARGETED_DEVICE_FAMILY = "1,2";
			};
			name = Release;
		};
/* End XCBuildConfiguration section */

/* Begin XCConfigurationList section */
		083054D5216CE5140082F941 /* Build configuration list for PBXProject "MotionCube" */ = {
			isa = XCConfigurationList;
			buildConfigurations = (
				083054EA216CE5140082F941 /* Debug */,
				083054EB216CE5140082F941 /* Release */,
			);
			defaultConfigurationIsVisible = 0;
			defaultConfigurationName = Release;
		};
		083054EC216CE5140082F941 /* Build configuration list for PBXNativeTarget "MotionCube" */ = {
			isa = XCConfigurationList;
			buildConfigurations = (
				083054ED216CE5140082F941 /* Debug */,
				083054EE216CE5140082F941 /* Release */,
			);
			defaultConfigurationIsVisible = 0;
			defaultConfigurationName = Release;
		};
/* End XCConfigurationList section */
	};
	rootObject = 083054D2216CE5140082F941 /* Project object */;
}
